{
  "name": "Leetcode",
  "version": "1.0.0",
  "lockfileVersion": 1,
  "requires": true,
  "dependencies": {
    "@datastructures-js/heap": {
      "version": "3.1.1",
      "resolved": "https://registry.npmjs.org/@datastructures-js/heap/-/heap-3.1.1.tgz",
      "integrity": "sha512-YwaiiusllkurZnMsYSB9WYKz9OhCY0siD/2RPRYtPQnH/BxHaV/YEprHcnfGUuowTVsByFGltqurc54C9+k03A=="
    },
    "@datastructures-js/priority-queue": {
      "version": "5.1.1",
      "resolved": "https://registry.npmjs.org/@datastructures-js/priority-queue/-/priority-queue-5.1.1.tgz",
      "integrity": "sha512-uMYmh+dNalf+FMQ2RbL6Y0rZkEykVMpGBZRa9feawuNN5XEc3QbBfkB6ampb1MqQZzbnfvawDfxSL9Y9SuKF1w==",
      "requires": {
        "@datastructures-js/heap": "^3.1.0"
      }
    }
  }
}
